
Microsoft Visual Studio Solution File, Format Version 12.00
# Visual Studio Version 16
VisualStudioVersion = 16.0.30804.86
MinimumVisualStudioVersion = 10.0.40219.1
Project("{FAE04EC0-301F-11D3-BF4B-00C04F79EFBC}") = "DockingData", "DockingData\DockingData.csproj", "{40ABE778-180F-4C6F-9D31-219B8B272CF0}"
EndProject
Global
	GlobalSection(SolutionConfigurationPlatforms) = preSolution
		Debug|Any CPU = Debug|Any CPU
		Release|Any CPU = Release|Any CPU
	EndGlobalSection
	GlobalSection(ProjectConfigurationPlatforms) = postSolution
		{40ABE778-180F-4C6F-9D31-219B8B272CF0}.Debug|Any CPU.ActiveCfg = Debug|Any CPU
		{40ABE778-180F-4C6F-9D31-219B8B272CF0}.Debug|Any CPU.Build.0 = Debug|Any CPU
		{40ABE778-180F-4C6F-9D31-219B8B272CF0}.Release|Any CPU.ActiveCfg = Release|Any CPU
		{40ABE778-180F-4C6F-9D31-219B8B272CF0}.Release|Any CPU.Build.0 = Release|Any CPU
	EndGlobalSection
	GlobalSection(SolutionProperties) = preSolution
		HideSolutionNode = FALSE
	EndGlobalSection
	GlobalSection(ExtensibilityGlobals) = postSolution
		SolutionGuid = {DACC8CA9-0A13-400D-8B9C-5ADD5B44E9CF}
	EndGlobalSection
EndGlobal
