
Microsoft Visual Studio Solution File, Format Version 12.00
# Visual Studio Version 17
VisualStudioVersion = 17.8.34330.188
MinimumVisualStudioVersion = 10.0.40219.1
Project("{FAE04EC0-301F-11D3-BF4B-00C04F79EFBC}") = "CamelCards", "CamelCards\CamelCards.csproj", "{2EB71760-C62C-43E7-B908-F9EE1024AB1B}"
EndProject
Global
	GlobalSection(SolutionConfigurationPlatforms) = preSolution
		Debug|Any CPU = Debug|Any CPU
		Release|Any CPU = Release|Any CPU
	EndGlobalSection
	GlobalSection(ProjectConfigurationPlatforms) = postSolution
		{2EB71760-C62C-43E7-B908-F9EE1024AB1B}.Debug|Any CPU.ActiveCfg = Debug|Any CPU
		{2EB71760-C62C-43E7-B908-F9EE1024AB1B}.Debug|Any CPU.Build.0 = Debug|Any CPU
		{2EB71760-C62C-43E7-B908-F9EE1024AB1B}.Release|Any CPU.ActiveCfg = Release|Any CPU
		{2EB71760-C62C-43E7-B908-F9EE1024AB1B}.Release|Any CPU.Build.0 = Release|Any CPU
	EndGlobalSection
	GlobalSection(SolutionProperties) = preSolution
		HideSolutionNode = FALSE
	EndGlobalSection
	GlobalSection(ExtensibilityGlobals) = postSolution
		SolutionGuid = {F0E839D4-74BF-438D-9BEA-904406EB4E6E}
	EndGlobalSection
EndGlobal
