
Microsoft Visual Studio Solution File, Format Version 12.00
# Visual Studio Version 16
VisualStudioVersion = 16.0.30717.126
MinimumVisualStudioVersion = 10.0.40219.1
Project("{FAE04EC0-301F-11D3-BF4B-00C04F79EFBC}") = "HandyHaversacks", "HandyHaversacks\HandyHaversacks.csproj", "{C40A0E72-36C1-4074-BCC9-D204C8D3E546}"
EndProject
Global
	GlobalSection(SolutionConfigurationPlatforms) = preSolution
		Debug|Any CPU = Debug|Any CPU
		Release|Any CPU = Release|Any CPU
	EndGlobalSection
	GlobalSection(ProjectConfigurationPlatforms) = postSolution
		{C40A0E72-36C1-4074-BCC9-D204C8D3E546}.Debug|Any CPU.ActiveCfg = Debug|Any CPU
		{C40A0E72-36C1-4074-BCC9-D204C8D3E546}.Debug|Any CPU.Build.0 = Debug|Any CPU
		{C40A0E72-36C1-4074-BCC9-D204C8D3E546}.Release|Any CPU.ActiveCfg = Release|Any CPU
		{C40A0E72-36C1-4074-BCC9-D204C8D3E546}.Release|Any CPU.Build.0 = Release|Any CPU
	EndGlobalSection
	GlobalSection(SolutionProperties) = preSolution
		HideSolutionNode = FALSE
	EndGlobalSection
	GlobalSection(ExtensibilityGlobals) = postSolution
		SolutionGuid = {319E8DFB-3947-4685-94BF-6B6B30CAC6B0}
	EndGlobalSection
EndGlobal
