
Microsoft Visual Studio Solution File, Format Version 12.00
# Visual Studio Version 17
VisualStudioVersion = 17.8.34316.72
MinimumVisualStudioVersion = 10.0.40219.1
Project("{FAE04EC0-301F-11D3-BF4B-00C04F79EFBC}") = "Trebuchet", "Trebuchet\Trebuchet.csproj", "{F80793BF-3DEB-47FF-B53E-C08EF2CE19FC}"
EndProject
Global
	GlobalSection(SolutionConfigurationPlatforms) = preSolution
		Debug|Any CPU = Debug|Any CPU
		Release|Any CPU = Release|Any CPU
	EndGlobalSection
	GlobalSection(ProjectConfigurationPlatforms) = postSolution
		{F80793BF-3DEB-47FF-B53E-C08EF2CE19FC}.Debug|Any CPU.ActiveCfg = Debug|Any CPU
		{F80793BF-3DEB-47FF-B53E-C08EF2CE19FC}.Debug|Any CPU.Build.0 = Debug|Any CPU
		{F80793BF-3DEB-47FF-B53E-C08EF2CE19FC}.Release|Any CPU.ActiveCfg = Release|Any CPU
		{F80793BF-3DEB-47FF-B53E-C08EF2CE19FC}.Release|Any CPU.Build.0 = Release|Any CPU
	EndGlobalSection
	GlobalSection(SolutionProperties) = preSolution
		HideSolutionNode = FALSE
	EndGlobalSection
	GlobalSection(ExtensibilityGlobals) = postSolution
		SolutionGuid = {3C8A7BD8-2F13-416E-9E95-314A1888F0C1}
	EndGlobalSection
EndGlobal
