
Microsoft Visual Studio Solution File, Format Version 12.00
# Visual Studio Version 16
VisualStudioVersion = 16.0.30717.126
MinimumVisualStudioVersion = 10.0.40219.1
Project("{FAE04EC0-301F-11D3-BF4B-00C04F79EFBC}") = "BinaryBoarding", "BinaryBoarding\BinaryBoarding.csproj", "{8378FC01-E329-4AB7-996F-1365481FC02E}"
EndProject
Global
	GlobalSection(SolutionConfigurationPlatforms) = preSolution
		Debug|Any CPU = Debug|Any CPU
		Release|Any CPU = Release|Any CPU
	EndGlobalSection
	GlobalSection(ProjectConfigurationPlatforms) = postSolution
		{8378FC01-E329-4AB7-996F-1365481FC02E}.Debug|Any CPU.ActiveCfg = Debug|Any CPU
		{8378FC01-E329-4AB7-996F-1365481FC02E}.Debug|Any CPU.Build.0 = Debug|Any CPU
		{8378FC01-E329-4AB7-996F-1365481FC02E}.Release|Any CPU.ActiveCfg = Release|Any CPU
		{8378FC01-E329-4AB7-996F-1365481FC02E}.Release|Any CPU.Build.0 = Release|Any CPU
	EndGlobalSection
	GlobalSection(SolutionProperties) = preSolution
		HideSolutionNode = FALSE
	EndGlobalSection
	GlobalSection(ExtensibilityGlobals) = postSolution
		SolutionGuid = {2F80B724-DE95-46D1-AEBC-16806CAA256B}
	EndGlobalSection
EndGlobal
