
Microsoft Visual Studio Solution File, Format Version 12.00
# Visual Studio Version 16
VisualStudioVersion = 16.0.30717.126
MinimumVisualStudioVersion = 10.0.40219.1
Project("{FAE04EC0-301F-11D3-BF4B-00C04F79EFBC}") = "ReportRepair", "ReportRepair\ReportRepair.csproj", "{5B299A23-1C73-4250-9C9A-788BF0E9348B}"
EndProject
Global
	GlobalSection(SolutionConfigurationPlatforms) = preSolution
		Debug|Any CPU = Debug|Any CPU
		Release|Any CPU = Release|Any CPU
	EndGlobalSection
	GlobalSection(ProjectConfigurationPlatforms) = postSolution
		{5B299A23-1C73-4250-9C9A-788BF0E9348B}.Debug|Any CPU.ActiveCfg = Debug|Any CPU
		{5B299A23-1C73-4250-9C9A-788BF0E9348B}.Debug|Any CPU.Build.0 = Debug|Any CPU
		{5B299A23-1C73-4250-9C9A-788BF0E9348B}.Release|Any CPU.ActiveCfg = Release|Any CPU
		{5B299A23-1C73-4250-9C9A-788BF0E9348B}.Release|Any CPU.Build.0 = Release|Any CPU
	EndGlobalSection
	GlobalSection(SolutionProperties) = preSolution
		HideSolutionNode = FALSE
	EndGlobalSection
	GlobalSection(ExtensibilityGlobals) = postSolution
		SolutionGuid = {F128CBA1-629C-4E4B-B796-D2EF525E6193}
	EndGlobalSection
EndGlobal
