
Microsoft Visual Studio Solution File, Format Version 12.00
# Visual Studio Version 16
VisualStudioVersion = 16.0.30804.86
MinimumVisualStudioVersion = 10.0.40219.1
Project("{FAE04EC0-301F-11D3-BF4B-00C04F79EFBC}") = "ShuttleSearch", "ShuttleSearch\ShuttleSearch.csproj", "{5ACA4207-C4ED-459A-A16E-106B13550462}"
EndProject
Global
	GlobalSection(SolutionConfigurationPlatforms) = preSolution
		Debug|Any CPU = Debug|Any CPU
		Release|Any CPU = Release|Any CPU
	EndGlobalSection
	GlobalSection(ProjectConfigurationPlatforms) = postSolution
		{5ACA4207-C4ED-459A-A16E-106B13550462}.Debug|Any CPU.ActiveCfg = Debug|Any CPU
		{5ACA4207-C4ED-459A-A16E-106B13550462}.Debug|Any CPU.Build.0 = Debug|Any CPU
		{5ACA4207-C4ED-459A-A16E-106B13550462}.Release|Any CPU.ActiveCfg = Release|Any CPU
		{5ACA4207-C4ED-459A-A16E-106B13550462}.Release|Any CPU.Build.0 = Release|Any CPU
	EndGlobalSection
	GlobalSection(SolutionProperties) = preSolution
		HideSolutionNode = FALSE
	EndGlobalSection
	GlobalSection(ExtensibilityGlobals) = postSolution
		SolutionGuid = {6481FE44-B3D4-4C8D-BECC-63604B047580}
	EndGlobalSection
EndGlobal
